
Microsoft Visual Studio Solution File, Format Version 12.00
# Visual Studio Version 16
VisualStudioVersion = 16.0.32126.315
MinimumVisualStudioVersion = 10.0.40219.1
Project("{FAE04EC0-301F-11D3-BF4B-00C04F79EFBC}") = "WOPIFramework", "WOPIFramework.csproj", "{1B2A90EA-9058-4FDF-82D5-8CDA1050BECC}"
EndProject
Global
	GlobalSection(SolutionConfigurationPlatforms) = preSolution
		Debug|Any CPU = Debug|Any CPU
		Release|Any CPU = Release|Any CPU
	EndGlobalSection
	GlobalSection(ProjectConfigurationPlatforms) = postSolution
		{1B2A90EA-9058-4FDF-82D5-8CDA1050BECC}.Debug|Any CPU.ActiveCfg = Debug|Any CPU
		{1B2A90EA-9058-4FDF-82D5-8CDA1050BECC}.Debug|Any CPU.Build.0 = Debug|Any CPU
		{1B2A90EA-9058-4FDF-82D5-8CDA1050BECC}.Release|Any CPU.ActiveCfg = Release|Any CPU
		{1B2A90EA-9058-4FDF-82D5-8CDA1050BECC}.Release|Any CPU.Build.0 = Release|Any CPU
	EndGlobalSection
	GlobalSection(SolutionProperties) = preSolution
		HideSolutionNode = FALSE
	EndGlobalSection
	GlobalSection(ExtensibilityGlobals) = postSolution
		SolutionGuid = {E2380BEA-4FBD-41B6-AB83-DE9402360F6D}
	EndGlobalSection
EndGlobal
